
Microsoft Visual Studio Solution File, Format Version 12.00
# Visual Studio Version 16
VisualStudioVersion = 16.0.31410.357
MinimumVisualStudioVersion = 10.0.40219.1
Project("{FAE04EC0-301F-11D3-BF4B-00C04F79EFBC}") = "VerbaleOperazioniCompiuteWPF", "VerbaleOperazioniCompiuteWPF\VerbaleOperazioniCompiuteWPF.csproj", "{DEDCA3E7-6745-4F9A-B6EF-A96D7FD92ED0}"
EndProject
Project("{54435603-DBB4-11D2-8724-00A0C9A8B90C}") = "VerbaliOperazioni", "VerbaliOperazioni\VerbaliOperazioni.vdproj", "{DE321B56-8A7A-4FA4-944E-D1C513122C73}"
EndProject
Global
	GlobalSection(SolutionConfigurationPlatforms) = preSolution
		Debug|Any CPU = Debug|Any CPU
		Release|Any CPU = Release|Any CPU
	EndGlobalSection
	GlobalSection(ProjectConfigurationPlatforms) = postSolution
		{DEDCA3E7-6745-4F9A-B6EF-A96D7FD92ED0}.Debug|Any CPU.ActiveCfg = Debug|Any CPU
		{DEDCA3E7-6745-4F9A-B6EF-A96D7FD92ED0}.Debug|Any CPU.Build.0 = Debug|Any CPU
		{DEDCA3E7-6745-4F9A-B6EF-A96D7FD92ED0}.Release|Any CPU.ActiveCfg = Release|Any CPU
		{DEDCA3E7-6745-4F9A-B6EF-A96D7FD92ED0}.Release|Any CPU.Build.0 = Release|Any CPU
		{DE321B56-8A7A-4FA4-944E-D1C513122C73}.Debug|Any CPU.ActiveCfg = Debug
		{DE321B56-8A7A-4FA4-944E-D1C513122C73}.Release|Any CPU.ActiveCfg = Release
	EndGlobalSection
	GlobalSection(SolutionProperties) = preSolution
		HideSolutionNode = FALSE
	EndGlobalSection
	GlobalSection(ExtensibilityGlobals) = postSolution
		SolutionGuid = {8B628BC8-AC4D-436F-BBF1-3FB0A88EA9BA}
	EndGlobalSection
EndGlobal
